
Microsoft Visual Studio Solution File, Format Version 12.00
# Visual Studio Version 17
VisualStudioVersion = 17.2.32616.157
MinimumVisualStudioVersion = 10.0.40219.1
Project("{FAE04EC0-301F-11D3-BF4B-00C04F79EFBC}") = "Vodovoz.Services", "Vodovoz.Services\Vodovoz.Services.csproj", "{30371004-2455-4F76-BD32-FA941B705B26}"
	ProjectSection(ProjectDependencies) = postProject
		{4E1FC2F9-364F-4DBF-964F-040C94E711B8} = {4E1FC2F9-364F-4DBF-964F-040C94E711B8}
	EndProjectSection
EndProject
Project("{FAE04EC0-301F-11D3-BF4B-00C04F79EFBC}") = "Vododvoz.Data", "Vododvoz.Data\Vododvoz.Data.csproj", "{4E1FC2F9-364F-4DBF-964F-040C94E711B8}"
EndProject
Project("{FAE04EC0-301F-11D3-BF4B-00C04F79EFBC}") = "Main.Vodovoz", "Main.Vodovoz\Main.Vodovoz.csproj", "{6EE3C18D-0643-407C-BC62-241F37EC9682}"
EndProject
Global
	GlobalSection(SolutionConfigurationPlatforms) = preSolution
		Debug|Any CPU = Debug|Any CPU
		Release|Any CPU = Release|Any CPU
	EndGlobalSection
	GlobalSection(ProjectConfigurationPlatforms) = postSolution
		{30371004-2455-4F76-BD32-FA941B705B26}.Debug|Any CPU.ActiveCfg = Debug|Any CPU
		{30371004-2455-4F76-BD32-FA941B705B26}.Debug|Any CPU.Build.0 = Debug|Any CPU
		{30371004-2455-4F76-BD32-FA941B705B26}.Release|Any CPU.ActiveCfg = Release|Any CPU
		{30371004-2455-4F76-BD32-FA941B705B26}.Release|Any CPU.Build.0 = Release|Any CPU
		{4E1FC2F9-364F-4DBF-964F-040C94E711B8}.Debug|Any CPU.ActiveCfg = Debug|Any CPU
		{4E1FC2F9-364F-4DBF-964F-040C94E711B8}.Debug|Any CPU.Build.0 = Debug|Any CPU
		{4E1FC2F9-364F-4DBF-964F-040C94E711B8}.Release|Any CPU.ActiveCfg = Release|Any CPU
		{4E1FC2F9-364F-4DBF-964F-040C94E711B8}.Release|Any CPU.Build.0 = Release|Any CPU
		{6EE3C18D-0643-407C-BC62-241F37EC9682}.Debug|Any CPU.ActiveCfg = Debug|Any CPU
		{6EE3C18D-0643-407C-BC62-241F37EC9682}.Debug|Any CPU.Build.0 = Debug|Any CPU
		{6EE3C18D-0643-407C-BC62-241F37EC9682}.Release|Any CPU.ActiveCfg = Release|Any CPU
		{6EE3C18D-0643-407C-BC62-241F37EC9682}.Release|Any CPU.Build.0 = Release|Any CPU
	EndGlobalSection
	GlobalSection(SolutionProperties) = preSolution
		HideSolutionNode = FALSE
	EndGlobalSection
	GlobalSection(ExtensibilityGlobals) = postSolution
		SolutionGuid = {E7825637-A48A-4B3F-A252-617E94E6B8A6}
	EndGlobalSection
EndGlobal
